
Microsoft Visual Studio Solution File, Format Version 12.00
# Visual Studio Version 16
VisualStudioVersion = 16.0.30804.86
MinimumVisualStudioVersion = 10.0.40219.1
Project("{FAE04EC0-301F-11D3-BF4B-00C04F79EFBC}") = "BookStore", "BookStore\BookStore.csproj", "{05B1DBA3-0220-4D2E-B94E-907946138A48}"
EndProject
Global
	GlobalSection(SolutionConfigurationPlatforms) = preSolution
		Debug|Any CPU = Debug|Any CPU
		Release|Any CPU = Release|Any CPU
	EndGlobalSection
	GlobalSection(ProjectConfigurationPlatforms) = postSolution
		{05B1DBA3-0220-4D2E-B94E-907946138A48}.Debug|Any CPU.ActiveCfg = Debug|Any CPU
		{05B1DBA3-0220-4D2E-B94E-907946138A48}.Debug|Any CPU.Build.0 = Debug|Any CPU
		{05B1DBA3-0220-4D2E-B94E-907946138A48}.Release|Any CPU.ActiveCfg = Release|Any CPU
		{05B1DBA3-0220-4D2E-B94E-907946138A48}.Release|Any CPU.Build.0 = Release|Any CPU
	EndGlobalSection
	GlobalSection(SolutionProperties) = preSolution
		HideSolutionNode = FALSE
	EndGlobalSection
	GlobalSection(ExtensibilityGlobals) = postSolution
		SolutionGuid = {A532DA42-A3A6-4B56-B9F6-B08167674415}
	EndGlobalSection
EndGlobal
